
Microsoft Visual Studio Solution File, Format Version 12.00
# Visual Studio Version 16
VisualStudioVersion = 16.0.30503.244
MinimumVisualStudioVersion = 10.0.40219.1
Project("{8BC9CEB8-8B4A-11D0-8D11-00A0C91BC942}") = "Keyshare", "Keyshare.vcxproj", "{AEEAFAFB-71FA-48CE-9247-713FDE53FBF8}"
EndProject
Global
	GlobalSection(SolutionConfigurationPlatforms) = preSolution
		Debug|x64 = Debug|x64
		Debug|x86 = Debug|x86
		Release|x64 = Release|x64
		Release|x86 = Release|x86
	EndGlobalSection
	GlobalSection(ProjectConfigurationPlatforms) = postSolution
		{AEEAFAFB-71FA-48CE-9247-713FDE53FBF8}.Debug|x64.ActiveCfg = Debug|x64
		{AEEAFAFB-71FA-48CE-9247-713FDE53FBF8}.Debug|x64.Build.0 = Debug|x64
		{AEEAFAFB-71FA-48CE-9247-713FDE53FBF8}.Debug|x86.ActiveCfg = Debug|Win32
		{AEEAFAFB-71FA-48CE-9247-713FDE53FBF8}.Debug|x86.Build.0 = Debug|Win32
		{AEEAFAFB-71FA-48CE-9247-713FDE53FBF8}.Release|x64.ActiveCfg = Release|x64
		{AEEAFAFB-71FA-48CE-9247-713FDE53FBF8}.Release|x64.Build.0 = Release|x64
		{AEEAFAFB-71FA-48CE-9247-713FDE53FBF8}.Release|x86.ActiveCfg = Release|Win32
		{AEEAFAFB-71FA-48CE-9247-713FDE53FBF8}.Release|x86.Build.0 = Release|Win32
	EndGlobalSection
	GlobalSection(SolutionProperties) = preSolution
		HideSolutionNode = FALSE
	EndGlobalSection
	GlobalSection(ExtensibilityGlobals) = postSolution
		SolutionGuid = {10AC3CA2-90D3-4656-AA71-5DD775D03287}
	EndGlobalSection
EndGlobal
